
Microsoft Visual Studio Solution File, Format Version 12.00
# Visual Studio Version 16
VisualStudioVersion = 16.0.30804.86
MinimumVisualStudioVersion = 10.0.40219.1
Project("{FAE04EC0-301F-11D3-BF4B-00C04F79EFBC}") = "Intermodular_Web", "Intermodular_Web.csproj", "{E7684407-9A89-4B46-BA22-7BCFA1A6EE1C}"
EndProject
Global
	GlobalSection(SolutionConfigurationPlatforms) = preSolution
		Debug|Any CPU = Debug|Any CPU
		Release|Any CPU = Release|Any CPU
	EndGlobalSection
	GlobalSection(ProjectConfigurationPlatforms) = postSolution
		{E7684407-9A89-4B46-BA22-7BCFA1A6EE1C}.Debug|Any CPU.ActiveCfg = Debug|Any CPU
		{E7684407-9A89-4B46-BA22-7BCFA1A6EE1C}.Debug|Any CPU.Build.0 = Debug|Any CPU
		{E7684407-9A89-4B46-BA22-7BCFA1A6EE1C}.Release|Any CPU.ActiveCfg = Release|Any CPU
		{E7684407-9A89-4B46-BA22-7BCFA1A6EE1C}.Release|Any CPU.Build.0 = Release|Any CPU
	EndGlobalSection
	GlobalSection(SolutionProperties) = preSolution
		HideSolutionNode = FALSE
	EndGlobalSection
	GlobalSection(ExtensibilityGlobals) = postSolution
		SolutionGuid = {CB1C7F78-0E93-4978-AF3F-EB63700B2CAC}
	EndGlobalSection
EndGlobal
